# THIS IS AN AUTOGENERATED FILE. DO NOT EDIT THIS FILE DIRECTLY.
# yarn lockfile v1


"@types/three@^0.143.1":
  version "0.143.1"
  resolved "https://registry.yarnpkg.com/@types/three/-/three-0.143.1.tgz#198288a3be02c8e630fc67c6f6ecf093e6c79424"
  integrity sha512-OzXb9Zx7gh0CrKiYnL/u+YeGJW0oDEmvL19vHq+sDmQ5V2Ibglf0I8Yoy/z4XPEv2YTFnYJs4imlEaupuBYRMA==
  dependencies:
    "@types/webxr" "*"

"@types/webxr@*":
  version "0.5.0"
  resolved "https://registry.yarnpkg.com/@types/webxr/-/webxr-0.5.0.tgz#aae1cef3210d88fd4204f8c33385a0bbc4da07c9"
  integrity sha512-IUMDPSXnYIbEO2IereEFcgcqfDREOgmbGqtrMpVPpACTU6pltYLwHgVkrnYv0XhWEcjio9sYEfIEzgn3c7nDqA==

three@^0.143.0:
  version "0.143.0"
  resolved "https://registry.yarnpkg.com/three/-/three-0.143.0.tgz#1455bca132cc2b20beb7f41d313e10c29e5ed9df"
  integrity sha512-oKcAGYHhJ46TGEuHjodo2n6TY2R6lbvrkp+feKZxqsUL/WkH7GKKaeu6RHeyb2Xjfk2dPLRKLsOP0KM2VgT8Zg==
